
Microsoft Visual Studio Solution File, Format Version 12.00
# Visual Studio 15
VisualStudioVersion = 15.0.27703.2026
MinimumVisualStudioVersion = 10.0.40219.1
Project("{FAE04EC0-301F-11D3-BF4B-00C04F79EFBC}") = "MVC.Web", "MVC.Web\MVC.Web.csproj", "{E165569F-F932-4E24-B91F-197FD0D42AC9}"
EndProject
Global
	GlobalSection(SolutionConfigurationPlatforms) = preSolution
		Debug|Any CPU = Debug|Any CPU
		Release|Any CPU = Release|Any CPU
	EndGlobalSection
	GlobalSection(ProjectConfigurationPlatforms) = postSolution
		{E165569F-F932-4E24-B91F-197FD0D42AC9}.Debug|Any CPU.ActiveCfg = Debug|Any CPU
		{E165569F-F932-4E24-B91F-197FD0D42AC9}.Debug|Any CPU.Build.0 = Debug|Any CPU
		{E165569F-F932-4E24-B91F-197FD0D42AC9}.Release|Any CPU.ActiveCfg = Release|Any CPU
		{E165569F-F932-4E24-B91F-197FD0D42AC9}.Release|Any CPU.Build.0 = Release|Any CPU
	EndGlobalSection
	GlobalSection(SolutionProperties) = preSolution
		HideSolutionNode = FALSE
	EndGlobalSection
	GlobalSection(ExtensibilityGlobals) = postSolution
		SolutionGuid = {E8EE9FDD-0F4A-4553-9C00-A9BC54D06F8E}
	EndGlobalSection
EndGlobal
